
Microsoft Visual Studio Solution File, Format Version 12.00
# Visual Studio Version 16
VisualStudioVersion = 16.0.30204.135
MinimumVisualStudioVersion = 10.0.40219.1
Project("{FAE04EC0-301F-11D3-BF4B-00C04F79EFBC}") = "FitCompanion.Android", "FitCompanion\FitCompanion.Android\FitCompanion.Android.csproj", "{40E3D3F2-0847-44A6-9E40-49F53CBB034B}"
EndProject
Project("{9A19103F-16F7-4668-BE54-9A1E7A4F7556}") = "FitCompanion", "FitCompanion\FitCompanion\FitCompanion.csproj", "{F8E86D1B-5A77-4A44-9D17-4463BE5EA71A}"
EndProject
Global
	GlobalSection(SolutionConfigurationPlatforms) = preSolution
		Debug|Any CPU = Debug|Any CPU
		Debug|iPhone = Debug|iPhone
		Debug|iPhoneSimulator = Debug|iPhoneSimulator
		Release|Any CPU = Release|Any CPU
		Release|iPhone = Release|iPhone
		Release|iPhoneSimulator = Release|iPhoneSimulator
	EndGlobalSection
	GlobalSection(ProjectConfigurationPlatforms) = postSolution
		{40E3D3F2-0847-44A6-9E40-49F53CBB034B}.Debug|Any CPU.ActiveCfg = Debug|Any CPU
		{40E3D3F2-0847-44A6-9E40-49F53CBB034B}.Debug|Any CPU.Build.0 = Debug|Any CPU
		{40E3D3F2-0847-44A6-9E40-49F53CBB034B}.Debug|Any CPU.Deploy.0 = Debug|Any CPU
		{40E3D3F2-0847-44A6-9E40-49F53CBB034B}.Debug|iPhone.ActiveCfg = Debug|Any CPU
		{40E3D3F2-0847-44A6-9E40-49F53CBB034B}.Debug|iPhone.Build.0 = Debug|Any CPU
		{40E3D3F2-0847-44A6-9E40-49F53CBB034B}.Debug|iPhone.Deploy.0 = Debug|Any CPU
		{40E3D3F2-0847-44A6-9E40-49F53CBB034B}.Debug|iPhoneSimulator.ActiveCfg = Debug|Any CPU
		{40E3D3F2-0847-44A6-9E40-49F53CBB034B}.Debug|iPhoneSimulator.Build.0 = Debug|Any CPU
		{40E3D3F2-0847-44A6-9E40-49F53CBB034B}.Debug|iPhoneSimulator.Deploy.0 = Debug|Any CPU
		{40E3D3F2-0847-44A6-9E40-49F53CBB034B}.Release|Any CPU.ActiveCfg = Release|Any CPU
		{40E3D3F2-0847-44A6-9E40-49F53CBB034B}.Release|Any CPU.Build.0 = Release|Any CPU
		{40E3D3F2-0847-44A6-9E40-49F53CBB034B}.Release|Any CPU.Deploy.0 = Release|Any CPU
		{40E3D3F2-0847-44A6-9E40-49F53CBB034B}.Release|iPhone.ActiveCfg = Release|Any CPU
		{40E3D3F2-0847-44A6-9E40-49F53CBB034B}.Release|iPhone.Build.0 = Release|Any CPU
		{40E3D3F2-0847-44A6-9E40-49F53CBB034B}.Release|iPhone.Deploy.0 = Release|Any CPU
		{40E3D3F2-0847-44A6-9E40-49F53CBB034B}.Release|iPhoneSimulator.ActiveCfg = Release|Any CPU
		{40E3D3F2-0847-44A6-9E40-49F53CBB034B}.Release|iPhoneSimulator.Build.0 = Release|Any CPU
		{40E3D3F2-0847-44A6-9E40-49F53CBB034B}.Release|iPhoneSimulator.Deploy.0 = Release|Any CPU
		{F8E86D1B-5A77-4A44-9D17-4463BE5EA71A}.Debug|Any CPU.ActiveCfg = Debug|Any CPU
		{F8E86D1B-5A77-4A44-9D17-4463BE5EA71A}.Debug|Any CPU.Build.0 = Debug|Any CPU
		{F8E86D1B-5A77-4A44-9D17-4463BE5EA71A}.Debug|iPhone.ActiveCfg = Debug|Any CPU
		{F8E86D1B-5A77-4A44-9D17-4463BE5EA71A}.Debug|iPhone.Build.0 = Debug|Any CPU
		{F8E86D1B-5A77-4A44-9D17-4463BE5EA71A}.Debug|iPhoneSimulator.ActiveCfg = Debug|Any CPU
		{F8E86D1B-5A77-4A44-9D17-4463BE5EA71A}.Debug|iPhoneSimulator.Build.0 = Debug|Any CPU
		{F8E86D1B-5A77-4A44-9D17-4463BE5EA71A}.Release|Any CPU.ActiveCfg = Release|Any CPU
		{F8E86D1B-5A77-4A44-9D17-4463BE5EA71A}.Release|Any CPU.Build.0 = Release|Any CPU
		{F8E86D1B-5A77-4A44-9D17-4463BE5EA71A}.Release|iPhone.ActiveCfg = Release|Any CPU
		{F8E86D1B-5A77-4A44-9D17-4463BE5EA71A}.Release|iPhone.Build.0 = Release|Any CPU
		{F8E86D1B-5A77-4A44-9D17-4463BE5EA71A}.Release|iPhoneSimulator.ActiveCfg = Release|Any CPU
		{F8E86D1B-5A77-4A44-9D17-4463BE5EA71A}.Release|iPhoneSimulator.Build.0 = Release|Any CPU
	EndGlobalSection
	GlobalSection(SolutionProperties) = preSolution
		HideSolutionNode = FALSE
	EndGlobalSection
	GlobalSection(ExtensibilityGlobals) = postSolution
		SolutionGuid = {E611F36B-6953-4EB8-B7FE-8CD21A4BE39C}
	EndGlobalSection
EndGlobal
